
Microsoft Visual Studio Solution File, Format Version 12.00
# Visual Studio Version 16
VisualStudioVersion = 16.0.29806.167
MinimumVisualStudioVersion = 10.0.40219.1
Project("{9A19103F-16F7-4668-BE54-9A1E7A4F7556}") = "GrpcGreeter", "GrpcGreeter\GrpcGreeter.csproj", "{7DDA8786-700D-4693-92FC-4BD647CA222B}"
EndProject
Project("{9A19103F-16F7-4668-BE54-9A1E7A4F7556}") = "GrpcBlazorWeb", "GrpcBlazorWeb\GrpcBlazorWeb.csproj", "{F3DA633C-19EC-4E37-B14C-9E10EBCC16A0}"
EndProject
Project("{9A19103F-16F7-4668-BE54-9A1E7A4F7556}") = "GrpcBlazor", "GrpcBlazor\GrpcBlazor.csproj", "{A7C1FC42-1A6F-48EB-A998-5036F534A36B}"
EndProject
Project("{9A19103F-16F7-4668-BE54-9A1E7A4F7556}") = "GrpcGreeterShared", "GrpcGreeterShared\GrpcGreeterShared.csproj", "{BD3DC014-B594-42D0-9285-680F3C4D1428}"
EndProject
Project("{9A19103F-16F7-4668-BE54-9A1E7A4F7556}") = "GrpcGreeterClient", "GrpcGreeterClient\GrpcGreeterClient.csproj", "{8ACC8FDE-43C6-410F-9D00-0451F5C95E08}"
EndProject
Global
	GlobalSection(SolutionConfigurationPlatforms) = preSolution
		Debug|Any CPU = Debug|Any CPU
		Release|Any CPU = Release|Any CPU
	EndGlobalSection
	GlobalSection(ProjectConfigurationPlatforms) = postSolution
		{7DDA8786-700D-4693-92FC-4BD647CA222B}.Debug|Any CPU.ActiveCfg = Debug|Any CPU
		{7DDA8786-700D-4693-92FC-4BD647CA222B}.Debug|Any CPU.Build.0 = Debug|Any CPU
		{7DDA8786-700D-4693-92FC-4BD647CA222B}.Release|Any CPU.ActiveCfg = Release|Any CPU
		{7DDA8786-700D-4693-92FC-4BD647CA222B}.Release|Any CPU.Build.0 = Release|Any CPU
		{F3DA633C-19EC-4E37-B14C-9E10EBCC16A0}.Debug|Any CPU.ActiveCfg = Debug|Any CPU
		{F3DA633C-19EC-4E37-B14C-9E10EBCC16A0}.Debug|Any CPU.Build.0 = Debug|Any CPU
		{F3DA633C-19EC-4E37-B14C-9E10EBCC16A0}.Release|Any CPU.ActiveCfg = Release|Any CPU
		{F3DA633C-19EC-4E37-B14C-9E10EBCC16A0}.Release|Any CPU.Build.0 = Release|Any CPU
		{A7C1FC42-1A6F-48EB-A998-5036F534A36B}.Debug|Any CPU.ActiveCfg = Debug|Any CPU
		{A7C1FC42-1A6F-48EB-A998-5036F534A36B}.Debug|Any CPU.Build.0 = Debug|Any CPU
		{A7C1FC42-1A6F-48EB-A998-5036F534A36B}.Release|Any CPU.ActiveCfg = Release|Any CPU
		{A7C1FC42-1A6F-48EB-A998-5036F534A36B}.Release|Any CPU.Build.0 = Release|Any CPU
		{BD3DC014-B594-42D0-9285-680F3C4D1428}.Debug|Any CPU.ActiveCfg = Debug|Any CPU
		{BD3DC014-B594-42D0-9285-680F3C4D1428}.Debug|Any CPU.Build.0 = Debug|Any CPU
		{BD3DC014-B594-42D0-9285-680F3C4D1428}.Release|Any CPU.ActiveCfg = Release|Any CPU
		{BD3DC014-B594-42D0-9285-680F3C4D1428}.Release|Any CPU.Build.0 = Release|Any CPU
		{8ACC8FDE-43C6-410F-9D00-0451F5C95E08}.Debug|Any CPU.ActiveCfg = Debug|Any CPU
		{8ACC8FDE-43C6-410F-9D00-0451F5C95E08}.Debug|Any CPU.Build.0 = Debug|Any CPU
		{8ACC8FDE-43C6-410F-9D00-0451F5C95E08}.Release|Any CPU.ActiveCfg = Release|Any CPU
		{8ACC8FDE-43C6-410F-9D00-0451F5C95E08}.Release|Any CPU.Build.0 = Release|Any CPU
	EndGlobalSection
	GlobalSection(SolutionProperties) = preSolution
		HideSolutionNode = FALSE
	EndGlobalSection
	GlobalSection(ExtensibilityGlobals) = postSolution
		SolutionGuid = {054A5F7D-0897-4D12-B78C-EC2E1CF694E9}
	EndGlobalSection
EndGlobal
